
Microsoft Visual Studio Solution File, Format Version 12.00
# Visual Studio Version 16
VisualStudioVersion = 16.0.31729.503
MinimumVisualStudioVersion = 10.0.40219.1
Project("{E24C65DC-7377-472B-9ABA-BC803B73C61A}") = "UTSaspnet", "UTSaspnet\", "{AD851171-EAC6-45C1-923A-C97B9BBF44F6}"
	ProjectSection(WebsiteProperties) = preProject
		TargetFrameworkMoniker = ".NETFramework,Version%3Dv4.7.2"
		Debug.AspNetCompiler.VirtualPath = "/localhost_1043"
		Debug.AspNetCompiler.PhysicalPath = "UTSaspnet\"
		Debug.AspNetCompiler.TargetPath = "PrecompiledWeb\localhost_1043\"
		Debug.AspNetCompiler.Updateable = "true"
		Debug.AspNetCompiler.ForceOverwrite = "true"
		Debug.AspNetCompiler.FixedNames = "false"
		Debug.AspNetCompiler.Debug = "True"
		Release.AspNetCompiler.VirtualPath = "/localhost_1043"
		Release.AspNetCompiler.PhysicalPath = "UTSaspnet\"
		Release.AspNetCompiler.TargetPath = "PrecompiledWeb\localhost_1043\"
		Release.AspNetCompiler.Updateable = "true"
		Release.AspNetCompiler.ForceOverwrite = "true"
		Release.AspNetCompiler.FixedNames = "false"
		Release.AspNetCompiler.Debug = "False"
		VWDPort = "1043"
		SlnRelativePath = "UTSaspnet\"
		DefaultWebSiteLanguage = "Visual Basic"
	EndProjectSection
EndProject
Global
	GlobalSection(SolutionConfigurationPlatforms) = preSolution
		Debug|Any CPU = Debug|Any CPU
	EndGlobalSection
	GlobalSection(ProjectConfigurationPlatforms) = postSolution
		{AD851171-EAC6-45C1-923A-C97B9BBF44F6}.Debug|Any CPU.ActiveCfg = Debug|Any CPU
		{AD851171-EAC6-45C1-923A-C97B9BBF44F6}.Debug|Any CPU.Build.0 = Debug|Any CPU
	EndGlobalSection
	GlobalSection(SolutionProperties) = preSolution
		HideSolutionNode = FALSE
	EndGlobalSection
	GlobalSection(ExtensibilityGlobals) = postSolution
		SolutionGuid = {9D06F90E-39B7-4917-9B01-A78A1687421E}
	EndGlobalSection
EndGlobal
